
Microsoft Visual Studio Solution File, Format Version 12.00
# Visual Studio Version 18
VisualStudioVersion = 18.2.11415.280 d18.0
MinimumVisualStudioVersion = 10.0.40219.1
Project("{FAE04EC0-301F-11D3-BF4B-00C04F79EFBC}") = "VoiSolfa", "VoiSolfa\VoiSolfa.csproj", "{8B3BC9D5-6BCE-4EC6-9B7C-2ABB640F787F}"
EndProject
Project("{FAE04EC0-301F-11D3-BF4B-00C04F79EFBC}") = "MidiXml", "MidiXml\MidiXml.csproj", "{A719B1E7-A396-4EED-AB04-1E1799B9DA1D}"
EndProject
Global
	GlobalSection(SolutionConfigurationPlatforms) = preSolution
		Debug|Any CPU = Debug|Any CPU
		Release|Any CPU = Release|Any CPU
	EndGlobalSection
	GlobalSection(ProjectConfigurationPlatforms) = postSolution
		{8B3BC9D5-6BCE-4EC6-9B7C-2ABB640F787F}.Debug|Any CPU.ActiveCfg = Debug|Any CPU
		{8B3BC9D5-6BCE-4EC6-9B7C-2ABB640F787F}.Debug|Any CPU.Build.0 = Debug|Any CPU
		{8B3BC9D5-6BCE-4EC6-9B7C-2ABB640F787F}.Release|Any CPU.ActiveCfg = Release|Any CPU
		{8B3BC9D5-6BCE-4EC6-9B7C-2ABB640F787F}.Release|Any CPU.Build.0 = Release|Any CPU
		{A719B1E7-A396-4EED-AB04-1E1799B9DA1D}.Debug|Any CPU.ActiveCfg = Debug|Any CPU
		{A719B1E7-A396-4EED-AB04-1E1799B9DA1D}.Debug|Any CPU.Build.0 = Debug|Any CPU
		{A719B1E7-A396-4EED-AB04-1E1799B9DA1D}.Release|Any CPU.ActiveCfg = Release|Any CPU
		{A719B1E7-A396-4EED-AB04-1E1799B9DA1D}.Release|Any CPU.Build.0 = Release|Any CPU
	EndGlobalSection
	GlobalSection(SolutionProperties) = preSolution
		HideSolutionNode = FALSE
	EndGlobalSection
	GlobalSection(ExtensibilityGlobals) = postSolution
		SolutionGuid = {47DB484C-6918-4939-80E8-872C155F2542}
	EndGlobalSection
EndGlobal
